
Microsoft Visual Studio Solution File, Format Version 12.00
# Visual Studio 15
VisualStudioVersion = 15.0.28010.2016
MinimumVisualStudioVersion = 10.0.40219.1
Project("{8BC9CEB8-8B4A-11D0-8D11-00A0C91BC942}") = "Hello die final", "Hello die final\Hello die final.vcxproj", "{C14B0624-0BCD-4121-93B2-8F842F6F873E}"
EndProject
Global
	GlobalSection(SolutionConfigurationPlatforms) = preSolution
		Debug|x64 = Debug|x64
		Debug|x86 = Debug|x86
		Release|x64 = Release|x64
		Release|x86 = Release|x86
	EndGlobalSection
	GlobalSection(ProjectConfigurationPlatforms) = postSolution
		{C14B0624-0BCD-4121-93B2-8F842F6F873E}.Debug|x64.ActiveCfg = Debug|x64
		{C14B0624-0BCD-4121-93B2-8F842F6F873E}.Debug|x64.Build.0 = Debug|x64
		{C14B0624-0BCD-4121-93B2-8F842F6F873E}.Debug|x86.ActiveCfg = Debug|Win32
		{C14B0624-0BCD-4121-93B2-8F842F6F873E}.Debug|x86.Build.0 = Debug|Win32
		{C14B0624-0BCD-4121-93B2-8F842F6F873E}.Release|x64.ActiveCfg = Release|x64
		{C14B0624-0BCD-4121-93B2-8F842F6F873E}.Release|x64.Build.0 = Release|x64
		{C14B0624-0BCD-4121-93B2-8F842F6F873E}.Release|x86.ActiveCfg = Release|Win32
		{C14B0624-0BCD-4121-93B2-8F842F6F873E}.Release|x86.Build.0 = Release|Win32
	EndGlobalSection
	GlobalSection(SolutionProperties) = preSolution
		HideSolutionNode = FALSE
	EndGlobalSection
	GlobalSection(ExtensibilityGlobals) = postSolution
		SolutionGuid = {0BB3D937-3699-464D-9C78-815C2F14620C}
	EndGlobalSection
EndGlobal
